# This file is generated by running "yarn install" inside your project.
# Manual changes might be lost - proceed with caution!

__metadata:
  version: 6

"nest-next-monorepo-quickstart@workspace:.":
  version: 0.0.0-use.local
  resolution: "nest-next-monorepo-quickstart@workspace:."
  languageName: unknown
  linkType: soft
